
Microsoft Visual Studio Solution File, Format Version 12.00
# Visual Studio 15
VisualStudioVersion = 15.0.27910.3005
MinimumVisualStudioVersion = 10.0.40219.1
Project("{FAE04EC0-301F-11D3-BF4B-00C04F79EFBC}") = "SocLogin.Android", "SocLogin\SocLogin.Android\SocLogin.Android.csproj", "{61C982B7-877F-4CBF-AA9C-B466DA73E582}"
EndProject
Project("{FAE04EC0-301F-11D3-BF4B-00C04F79EFBC}") = "SocLogin.iOS", "SocLogin\SocLogin.iOS\SocLogin.iOS.csproj", "{88770590-2473-4934-97F0-450256CB1351}"
EndProject
Project("{FAE04EC0-301F-11D3-BF4B-00C04F79EFBC}") = "SocLogin", "SocLogin\SocLogin\SocLogin.csproj", "{D1B79670-5051-476F-A53A-FF72C37D5265}"
EndProject
Global
	GlobalSection(SolutionConfigurationPlatforms) = preSolution
		Ad-Hoc|Any CPU = Ad-Hoc|Any CPU
		Ad-Hoc|iPhone = Ad-Hoc|iPhone
		Ad-Hoc|iPhoneSimulator = Ad-Hoc|iPhoneSimulator
		AppStore|Any CPU = AppStore|Any CPU
		AppStore|iPhone = AppStore|iPhone
		AppStore|iPhoneSimulator = AppStore|iPhoneSimulator
		Debug|Any CPU = Debug|Any CPU
		Debug|iPhone = Debug|iPhone
		Debug|iPhoneSimulator = Debug|iPhoneSimulator
		Release|Any CPU = Release|Any CPU
		Release|iPhone = Release|iPhone
		Release|iPhoneSimulator = Release|iPhoneSimulator
	EndGlobalSection
	GlobalSection(ProjectConfigurationPlatforms) = postSolution
		{61C982B7-877F-4CBF-AA9C-B466DA73E582}.Ad-Hoc|Any CPU.ActiveCfg = Release|Any CPU
		{61C982B7-877F-4CBF-AA9C-B466DA73E582}.Ad-Hoc|Any CPU.Build.0 = Release|Any CPU
		{61C982B7-877F-4CBF-AA9C-B466DA73E582}.Ad-Hoc|Any CPU.Deploy.0 = Release|Any CPU
		{61C982B7-877F-4CBF-AA9C-B466DA73E582}.Ad-Hoc|iPhone.ActiveCfg = Release|Any CPU
		{61C982B7-877F-4CBF-AA9C-B466DA73E582}.Ad-Hoc|iPhone.Build.0 = Release|Any CPU
		{61C982B7-877F-4CBF-AA9C-B466DA73E582}.Ad-Hoc|iPhone.Deploy.0 = Release|Any CPU
		{61C982B7-877F-4CBF-AA9C-B466DA73E582}.Ad-Hoc|iPhoneSimulator.ActiveCfg = Release|Any CPU
		{61C982B7-877F-4CBF-AA9C-B466DA73E582}.Ad-Hoc|iPhoneSimulator.Build.0 = Release|Any CPU
		{61C982B7-877F-4CBF-AA9C-B466DA73E582}.Ad-Hoc|iPhoneSimulator.Deploy.0 = Release|Any CPU
		{61C982B7-877F-4CBF-AA9C-B466DA73E582}.AppStore|Any CPU.ActiveCfg = Release|Any CPU
		{61C982B7-877F-4CBF-AA9C-B466DA73E582}.AppStore|Any CPU.Build.0 = Release|Any CPU
		{61C982B7-877F-4CBF-AA9C-B466DA73E582}.AppStore|Any CPU.Deploy.0 = Release|Any CPU
		{61C982B7-877F-4CBF-AA9C-B466DA73E582}.AppStore|iPhone.ActiveCfg = Release|Any CPU
		{61C982B7-877F-4CBF-AA9C-B466DA73E582}.AppStore|iPhone.Build.0 = Release|Any CPU
		{61C982B7-877F-4CBF-AA9C-B466DA73E582}.AppStore|iPhone.Deploy.0 = Release|Any CPU
		{61C982B7-877F-4CBF-AA9C-B466DA73E582}.AppStore|iPhoneSimulator.ActiveCfg = Release|Any CPU
		{61C982B7-877F-4CBF-AA9C-B466DA73E582}.AppStore|iPhoneSimulator.Build.0 = Release|Any CPU
		{61C982B7-877F-4CBF-AA9C-B466DA73E582}.AppStore|iPhoneSimulator.Deploy.0 = Release|Any CPU
		{61C982B7-877F-4CBF-AA9C-B466DA73E582}.Debug|Any CPU.ActiveCfg = Debug|Any CPU
		{61C982B7-877F-4CBF-AA9C-B466DA73E582}.Debug|Any CPU.Build.0 = Debug|Any CPU
		{61C982B7-877F-4CBF-AA9C-B466DA73E582}.Debug|Any CPU.Deploy.0 = Debug|Any CPU
		{61C982B7-877F-4CBF-AA9C-B466DA73E582}.Debug|iPhone.ActiveCfg = Debug|Any CPU
		{61C982B7-877F-4CBF-AA9C-B466DA73E582}.Debug|iPhone.Build.0 = Debug|Any CPU
		{61C982B7-877F-4CBF-AA9C-B466DA73E582}.Debug|iPhone.Deploy.0 = Debug|Any CPU
		{61C982B7-877F-4CBF-AA9C-B466DA73E582}.Debug|iPhoneSimulator.ActiveCfg = Debug|Any CPU
		{61C982B7-877F-4CBF-AA9C-B466DA73E582}.Debug|iPhoneSimulator.Build.0 = Debug|Any CPU
		{61C982B7-877F-4CBF-AA9C-B466DA73E582}.Debug|iPhoneSimulator.Deploy.0 = Debug|Any CPU
		{61C982B7-877F-4CBF-AA9C-B466DA73E582}.Release|Any CPU.ActiveCfg = Release|Any CPU
		{61C982B7-877F-4CBF-AA9C-B466DA73E582}.Release|Any CPU.Build.0 = Release|Any CPU
		{61C982B7-877F-4CBF-AA9C-B466DA73E582}.Release|Any CPU.Deploy.0 = Release|Any CPU
		{61C982B7-877F-4CBF-AA9C-B466DA73E582}.Release|iPhone.ActiveCfg = Release|Any CPU
		{61C982B7-877F-4CBF-AA9C-B466DA73E582}.Release|iPhone.Build.0 = Release|Any CPU
		{61C982B7-877F-4CBF-AA9C-B466DA73E582}.Release|iPhone.Deploy.0 = Release|Any CPU
		{61C982B7-877F-4CBF-AA9C-B466DA73E582}.Release|iPhoneSimulator.ActiveCfg = Release|Any CPU
		{61C982B7-877F-4CBF-AA9C-B466DA73E582}.Release|iPhoneSimulator.Build.0 = Release|Any CPU
		{61C982B7-877F-4CBF-AA9C-B466DA73E582}.Release|iPhoneSimulator.Deploy.0 = Release|Any CPU
		{88770590-2473-4934-97F0-450256CB1351}.Ad-Hoc|Any CPU.ActiveCfg = Ad-Hoc|iPhone
		{88770590-2473-4934-97F0-450256CB1351}.Ad-Hoc|Any CPU.Build.0 = Ad-Hoc|iPhone
		{88770590-2473-4934-97F0-450256CB1351}.Ad-Hoc|Any CPU.Deploy.0 = Ad-Hoc|iPhone
		{88770590-2473-4934-97F0-450256CB1351}.Ad-Hoc|iPhone.ActiveCfg = Ad-Hoc|iPhone
		{88770590-2473-4934-97F0-450256CB1351}.Ad-Hoc|iPhone.Build.0 = Ad-Hoc|iPhone
		{88770590-2473-4934-97F0-450256CB1351}.Ad-Hoc|iPhone.Deploy.0 = Ad-Hoc|iPhone
		{88770590-2473-4934-97F0-450256CB1351}.Ad-Hoc|iPhoneSimulator.ActiveCfg = Ad-Hoc|iPhoneSimulator
		{88770590-2473-4934-97F0-450256CB1351}.Ad-Hoc|iPhoneSimulator.Build.0 = Ad-Hoc|iPhoneSimulator
		{88770590-2473-4934-97F0-450256CB1351}.Ad-Hoc|iPhoneSimulator.Deploy.0 = Ad-Hoc|iPhoneSimulator
		{88770590-2473-4934-97F0-450256CB1351}.AppStore|Any CPU.ActiveCfg = AppStore|iPhone
		{88770590-2473-4934-97F0-450256CB1351}.AppStore|Any CPU.Build.0 = AppStore|iPhone
		{88770590-2473-4934-97F0-450256CB1351}.AppStore|Any CPU.Deploy.0 = AppStore|iPhone
		{88770590-2473-4934-97F0-450256CB1351}.AppStore|iPhone.ActiveCfg = AppStore|iPhone
		{88770590-2473-4934-97F0-450256CB1351}.AppStore|iPhone.Build.0 = AppStore|iPhone
		{88770590-2473-4934-97F0-450256CB1351}.AppStore|iPhone.Deploy.0 = AppStore|iPhone
		{88770590-2473-4934-97F0-450256CB1351}.AppStore|iPhoneSimulator.ActiveCfg = AppStore|iPhoneSimulator
		{88770590-2473-4934-97F0-450256CB1351}.AppStore|iPhoneSimulator.Build.0 = AppStore|iPhoneSimulator
		{88770590-2473-4934-97F0-450256CB1351}.AppStore|iPhoneSimulator.Deploy.0 = AppStore|iPhoneSimulator
		{88770590-2473-4934-97F0-450256CB1351}.Debug|Any CPU.ActiveCfg = Debug|iPhoneSimulator
		{88770590-2473-4934-97F0-450256CB1351}.Debug|Any CPU.Build.0 = Debug|iPhoneSimulator
		{88770590-2473-4934-97F0-450256CB1351}.Debug|Any CPU.Deploy.0 = Debug|iPhoneSimulator
		{88770590-2473-4934-97F0-450256CB1351}.Debug|iPhone.ActiveCfg = Debug|iPhone
		{88770590-2473-4934-97F0-450256CB1351}.Debug|iPhone.Build.0 = Debug|iPhone
		{88770590-2473-4934-97F0-450256CB1351}.Debug|iPhone.Deploy.0 = Debug|iPhone
		{88770590-2473-4934-97F0-450256CB1351}.Debug|iPhoneSimulator.ActiveCfg = Debug|iPhoneSimulator
		{88770590-2473-4934-97F0-450256CB1351}.Debug|iPhoneSimulator.Build.0 = Debug|iPhoneSimulator
		{88770590-2473-4934-97F0-450256CB1351}.Debug|iPhoneSimulator.Deploy.0 = Debug|iPhoneSimulator
		{88770590-2473-4934-97F0-450256CB1351}.Release|Any CPU.ActiveCfg = Release|iPhone
		{88770590-2473-4934-97F0-450256CB1351}.Release|Any CPU.Build.0 = Release|iPhone
		{88770590-2473-4934-97F0-450256CB1351}.Release|Any CPU.Deploy.0 = Release|iPhone
		{88770590-2473-4934-97F0-450256CB1351}.Release|iPhone.ActiveCfg = Release|iPhone
		{88770590-2473-4934-97F0-450256CB1351}.Release|iPhone.Build.0 = Release|iPhone
		{88770590-2473-4934-97F0-450256CB1351}.Release|iPhone.Deploy.0 = Release|iPhone
		{88770590-2473-4934-97F0-450256CB1351}.Release|iPhoneSimulator.ActiveCfg = Release|iPhoneSimulator
		{88770590-2473-4934-97F0-450256CB1351}.Release|iPhoneSimulator.Build.0 = Release|iPhoneSimulator
		{88770590-2473-4934-97F0-450256CB1351}.Release|iPhoneSimulator.Deploy.0 = Release|iPhoneSimulator
		{D1B79670-5051-476F-A53A-FF72C37D5265}.Ad-Hoc|Any CPU.ActiveCfg = Debug|Any CPU
		{D1B79670-5051-476F-A53A-FF72C37D5265}.Ad-Hoc|Any CPU.Build.0 = Debug|Any CPU
		{D1B79670-5051-476F-A53A-FF72C37D5265}.Ad-Hoc|Any CPU.Deploy.0 = Debug|Any CPU
		{D1B79670-5051-476F-A53A-FF72C37D5265}.Ad-Hoc|iPhone.ActiveCfg = Debug|Any CPU
		{D1B79670-5051-476F-A53A-FF72C37D5265}.Ad-Hoc|iPhone.Build.0 = Debug|Any CPU
		{D1B79670-5051-476F-A53A-FF72C37D5265}.Ad-Hoc|iPhone.Deploy.0 = Debug|Any CPU
		{D1B79670-5051-476F-A53A-FF72C37D5265}.Ad-Hoc|iPhoneSimulator.ActiveCfg = Debug|Any CPU
		{D1B79670-5051-476F-A53A-FF72C37D5265}.Ad-Hoc|iPhoneSimulator.Build.0 = Debug|Any CPU
		{D1B79670-5051-476F-A53A-FF72C37D5265}.Ad-Hoc|iPhoneSimulator.Deploy.0 = Debug|Any CPU
		{D1B79670-5051-476F-A53A-FF72C37D5265}.AppStore|Any CPU.ActiveCfg = Debug|Any CPU
		{D1B79670-5051-476F-A53A-FF72C37D5265}.AppStore|Any CPU.Build.0 = Debug|Any CPU
		{D1B79670-5051-476F-A53A-FF72C37D5265}.AppStore|Any CPU.Deploy.0 = Debug|Any CPU
		{D1B79670-5051-476F-A53A-FF72C37D5265}.AppStore|iPhone.ActiveCfg = Debug|Any CPU
		{D1B79670-5051-476F-A53A-FF72C37D5265}.AppStore|iPhone.Build.0 = Debug|Any CPU
		{D1B79670-5051-476F-A53A-FF72C37D5265}.AppStore|iPhone.Deploy.0 = Debug|Any CPU
		{D1B79670-5051-476F-A53A-FF72C37D5265}.AppStore|iPhoneSimulator.ActiveCfg = Debug|Any CPU
		{D1B79670-5051-476F-A53A-FF72C37D5265}.AppStore|iPhoneSimulator.Build.0 = Debug|Any CPU
		{D1B79670-5051-476F-A53A-FF72C37D5265}.AppStore|iPhoneSimulator.Deploy.0 = Debug|Any CPU
		{D1B79670-5051-476F-A53A-FF72C37D5265}.Debug|Any CPU.ActiveCfg = Debug|Any CPU
		{D1B79670-5051-476F-A53A-FF72C37D5265}.Debug|Any CPU.Build.0 = Debug|Any CPU
		{D1B79670-5051-476F-A53A-FF72C37D5265}.Debug|Any CPU.Deploy.0 = Debug|Any CPU
		{D1B79670-5051-476F-A53A-FF72C37D5265}.Debug|iPhone.ActiveCfg = Debug|Any CPU
		{D1B79670-5051-476F-A53A-FF72C37D5265}.Debug|iPhone.Build.0 = Debug|Any CPU
		{D1B79670-5051-476F-A53A-FF72C37D5265}.Debug|iPhone.Deploy.0 = Debug|Any CPU
		{D1B79670-5051-476F-A53A-FF72C37D5265}.Debug|iPhoneSimulator.ActiveCfg = Debug|Any CPU
		{D1B79670-5051-476F-A53A-FF72C37D5265}.Debug|iPhoneSimulator.Build.0 = Debug|Any CPU
		{D1B79670-5051-476F-A53A-FF72C37D5265}.Debug|iPhoneSimulator.Deploy.0 = Debug|Any CPU
		{D1B79670-5051-476F-A53A-FF72C37D5265}.Release|Any CPU.ActiveCfg = Release|Any CPU
		{D1B79670-5051-476F-A53A-FF72C37D5265}.Release|Any CPU.Build.0 = Release|Any CPU
		{D1B79670-5051-476F-A53A-FF72C37D5265}.Release|Any CPU.Deploy.0 = Release|Any CPU
		{D1B79670-5051-476F-A53A-FF72C37D5265}.Release|iPhone.ActiveCfg = Release|Any CPU
		{D1B79670-5051-476F-A53A-FF72C37D5265}.Release|iPhone.Build.0 = Release|Any CPU
		{D1B79670-5051-476F-A53A-FF72C37D5265}.Release|iPhone.Deploy.0 = Release|Any CPU
		{D1B79670-5051-476F-A53A-FF72C37D5265}.Release|iPhoneSimulator.ActiveCfg = Release|Any CPU
		{D1B79670-5051-476F-A53A-FF72C37D5265}.Release|iPhoneSimulator.Build.0 = Release|Any CPU
		{D1B79670-5051-476F-A53A-FF72C37D5265}.Release|iPhoneSimulator.Deploy.0 = Release|Any CPU
	EndGlobalSection
	GlobalSection(SolutionProperties) = preSolution
		HideSolutionNode = FALSE
	EndGlobalSection
	GlobalSection(ExtensibilityGlobals) = postSolution
		SolutionGuid = {D211F1F9-1C36-4F0A-8F9E-C57A1732697A}
	EndGlobalSection
EndGlobal
